
Microsoft Visual Studio Solution File, Format Version 12.00
# Visual Studio 15
VisualStudioVersion = 15.0.28306.52
MinimumVisualStudioVersion = 10.0.40219.1
Project("{FAE04EC0-301F-11D3-BF4B-00C04F79EFBC}") = "IdentityDemo", "IdentityDemo\IdentityDemo.csproj", "{531939B9-CD78-4220-B0BB-8DDB85AE5B2F}"
EndProject
Project("{FAE04EC0-301F-11D3-BF4B-00C04F79EFBC}") = "Service.Entity", "Service.Entity\Service.Entity.csproj", "{4FA4F3CC-6852-4C12-9F3F-5C98933B61AF}"
EndProject
Project("{FAE04EC0-301F-11D3-BF4B-00C04F79EFBC}") = "Service.Repository", "Service.Repository\Service.Repository.csproj", "{B1B7B699-FE20-4EF3-B351-DA1CAE08FF63}"
EndProject
Project("{FAE04EC0-301F-11D3-BF4B-00C04F79EFBC}") = "WebSite.ViewModel", "WebSite.ViewModel\WebSite.ViewModel.csproj", "{51A6295A-9A99-4473-8D7C-A130EEC86A63}"
EndProject
Global
	GlobalSection(SolutionConfigurationPlatforms) = preSolution
		Debug|Any CPU = Debug|Any CPU
		Release|Any CPU = Release|Any CPU
	EndGlobalSection
	GlobalSection(ProjectConfigurationPlatforms) = postSolution
		{531939B9-CD78-4220-B0BB-8DDB85AE5B2F}.Debug|Any CPU.ActiveCfg = Debug|Any CPU
		{531939B9-CD78-4220-B0BB-8DDB85AE5B2F}.Debug|Any CPU.Build.0 = Debug|Any CPU
		{531939B9-CD78-4220-B0BB-8DDB85AE5B2F}.Release|Any CPU.ActiveCfg = Release|Any CPU
		{531939B9-CD78-4220-B0BB-8DDB85AE5B2F}.Release|Any CPU.Build.0 = Release|Any CPU
		{4FA4F3CC-6852-4C12-9F3F-5C98933B61AF}.Debug|Any CPU.ActiveCfg = Debug|Any CPU
		{4FA4F3CC-6852-4C12-9F3F-5C98933B61AF}.Debug|Any CPU.Build.0 = Debug|Any CPU
		{4FA4F3CC-6852-4C12-9F3F-5C98933B61AF}.Release|Any CPU.ActiveCfg = Release|Any CPU
		{4FA4F3CC-6852-4C12-9F3F-5C98933B61AF}.Release|Any CPU.Build.0 = Release|Any CPU
		{B1B7B699-FE20-4EF3-B351-DA1CAE08FF63}.Debug|Any CPU.ActiveCfg = Debug|Any CPU
		{B1B7B699-FE20-4EF3-B351-DA1CAE08FF63}.Debug|Any CPU.Build.0 = Debug|Any CPU
		{B1B7B699-FE20-4EF3-B351-DA1CAE08FF63}.Release|Any CPU.ActiveCfg = Release|Any CPU
		{B1B7B699-FE20-4EF3-B351-DA1CAE08FF63}.Release|Any CPU.Build.0 = Release|Any CPU
		{51A6295A-9A99-4473-8D7C-A130EEC86A63}.Debug|Any CPU.ActiveCfg = Debug|Any CPU
		{51A6295A-9A99-4473-8D7C-A130EEC86A63}.Debug|Any CPU.Build.0 = Debug|Any CPU
		{51A6295A-9A99-4473-8D7C-A130EEC86A63}.Release|Any CPU.ActiveCfg = Release|Any CPU
		{51A6295A-9A99-4473-8D7C-A130EEC86A63}.Release|Any CPU.Build.0 = Release|Any CPU
	EndGlobalSection
	GlobalSection(SolutionProperties) = preSolution
		HideSolutionNode = FALSE
	EndGlobalSection
	GlobalSection(ExtensibilityGlobals) = postSolution
		SolutionGuid = {01E04C2C-CFEA-4E9E-96DD-B13D305D49C7}
	EndGlobalSection
EndGlobal
